
Microsoft Visual Studio Solution File, Format Version 12.00
# Visual Studio Version 16
VisualStudioVersion = 16.0.31702.278
MinimumVisualStudioVersion = 10.0.40219.1
Project("{FAE04EC0-301F-11D3-BF4B-00C04F79EFBC}") = "Webgentle.BookStore", "Webgentle.BookStore\Webgentle.BookStore.csproj", "{8A20AE7D-7C47-48A4-920F-A49497C681A4}"
EndProject
Global
	GlobalSection(SolutionConfigurationPlatforms) = preSolution
		Debug|Any CPU = Debug|Any CPU
		Release|Any CPU = Release|Any CPU
	EndGlobalSection
	GlobalSection(ProjectConfigurationPlatforms) = postSolution
		{8A20AE7D-7C47-48A4-920F-A49497C681A4}.Debug|Any CPU.ActiveCfg = Debug|Any CPU
		{8A20AE7D-7C47-48A4-920F-A49497C681A4}.Debug|Any CPU.Build.0 = Debug|Any CPU
		{8A20AE7D-7C47-48A4-920F-A49497C681A4}.Release|Any CPU.ActiveCfg = Release|Any CPU
		{8A20AE7D-7C47-48A4-920F-A49497C681A4}.Release|Any CPU.Build.0 = Release|Any CPU
	EndGlobalSection
	GlobalSection(SolutionProperties) = preSolution
		HideSolutionNode = FALSE
	EndGlobalSection
	GlobalSection(ExtensibilityGlobals) = postSolution
		SolutionGuid = {2EBDD13C-8FAD-4C94-B3ED-0FC0D0C47F3B}
	EndGlobalSection
EndGlobal
